
Microsoft Visual Studio Solution File, Format Version 12.00
# Visual Studio Version 17
VisualStudioVersion = 17.8.34511.84
MinimumVisualStudioVersion = 10.0.40219.1
Project("{FAE04EC0-301F-11D3-BF4B-00C04F79EFBC}") = "Streja-Raluca-Lab1", "Streja-Raluca-Lab1.csproj", "{68015F68-FE4F-4B3D-8E49-682978E02308}"
EndProject
Global
	GlobalSection(SolutionConfigurationPlatforms) = preSolution
		Debug|Any CPU = Debug|Any CPU
		Release|Any CPU = Release|Any CPU
	EndGlobalSection
	GlobalSection(ProjectConfigurationPlatforms) = postSolution
		{68015F68-FE4F-4B3D-8E49-682978E02308}.Debug|Any CPU.ActiveCfg = Debug|Any CPU
		{68015F68-FE4F-4B3D-8E49-682978E02308}.Debug|Any CPU.Build.0 = Debug|Any CPU
		{68015F68-FE4F-4B3D-8E49-682978E02308}.Release|Any CPU.ActiveCfg = Release|Any CPU
		{68015F68-FE4F-4B3D-8E49-682978E02308}.Release|Any CPU.Build.0 = Release|Any CPU
	EndGlobalSection
	GlobalSection(SolutionProperties) = preSolution
		HideSolutionNode = FALSE
	EndGlobalSection
	GlobalSection(ExtensibilityGlobals) = postSolution
		SolutionGuid = {E1C12D1D-1333-45A8-A5B7-A0B4219049D8}
	EndGlobalSection
EndGlobal
